{
  "name": "emoji",
  "version": "1.0.0",
  "lockfileVersion": 2,
  "requires": true,
  "packages": {
    "": {
      "version": "1.0.0",
      "license": "ISC",
      "dependencies": {
        "node-emoji": "^1.5.0"
      },
      "devDependencies": {}
    },
    "node_modules/node-emoji": {
      "version": "1.5.0",
      "resolved": "https://registry.npmjs.org/node-emoji/-/node-emoji-1.5.0.tgz",
      "integrity": "sha1-mg2f4D/UOvo1fW2OQ5qjHlmZWbc=",
      "dependencies": {
        "string.prototype.codepointat": "^0.2.0"
      }
    },
    "node_modules/string.prototype.codepointat": {
      "version": "0.2.1",
      "resolved": "https://registry.npmjs.org/string.prototype.codepointat/-/string.prototype.codepointat-0.2.1.tgz",
      "integrity": "sha512-2cBVCj6I4IOvEnjgO/hWqXjqBGsY+zwPmHl12Srk9IXSZ56Jwwmy+66XO5Iut/oQVR7t5ihYdLB0GMa4alEUcg=="
    }
  },
  "dependencies": {
    "node-emoji": {
      "version": "1.5.0",
      "resolved": "https://registry.npmjs.org/node-emoji/-/node-emoji-1.5.0.tgz",
      "integrity": "sha1-mg2f4D/UOvo1fW2OQ5qjHlmZWbc=",
      "requires": {
        "string.prototype.codepointat": "^0.2.0"
      }
    },
    "string.prototype.codepointat": {
      "version": "0.2.1",
      "resolved": "https://registry.npmjs.org/string.prototype.codepointat/-/string.prototype.codepointat-0.2.1.tgz",
      "integrity": "sha512-2cBVCj6I4IOvEnjgO/hWqXjqBGsY+zwPmHl12Srk9IXSZ56Jwwmy+66XO5Iut/oQVR7t5ihYdLB0GMa4alEUcg=="
    }
  }
}
